{
  "projects": [
    {
      "projectId": "e6ZxPuHCfPgHyJvfyLEMAD",
      "version": "latest",
      "dependencies": {},
      "lang": "js",
      "fileLocks": [
        {
          "assetId": "e6ZxPuHCfPgHyJvfyLEMAD",
          "checksum": "34f5f07a803610a15ffb15a8833f4f98",
          "type": "projectModule"
        },
        {
          "assetId": "e6ZxPuHCfPgHyJvfyLEMAD",
          "checksum": "d12b54d20f1ae44898e01e06786248ac",
          "type": "styleTokensProvider"
        },
        {
          "type": "renderModule",
          "assetId": "4BghuWbxEHcl",
          "checksum": "85ccbdfa5cc0bfd94d8a12702cb1fab1"
        },
        {
          "type": "cssRules",
          "assetId": "4BghuWbxEHcl",
          "checksum": "85ccbdfa5cc0bfd94d8a12702cb1fab1"
        },
        {
          "type": "globalVariant",
          "assetId": "n2MWL_GAJYZj",
          "checksum": "162795cc230f1d304cf6eb18ac15b393"
        },
        {
          "type": "globalVariant",
          "assetId": "uH-Kq1IL8lzA",
          "checksum": "df3a25b0cbf41e20f041be54e19346f3"
        },
        {
          "assetId": "e6ZxPuHCfPgHyJvfyLEMAD",
          "type": "projectCss",
          "checksum": "8be35ec526acd742ae6924c5b363664d"
        },
        {
          "type": "renderModule",
          "assetId": "RYTOJQ_lb1rR",
          "checksum": "7c3df1d10f493335a82c1603311eb76e"
        },
        {
          "type": "cssRules",
          "assetId": "RYTOJQ_lb1rR",
          "checksum": "7c3df1d10f493335a82c1603311eb76e"
        }
      ],
      "codegenVersion": "0.0.3"
    }
  ],
  "cliVersion": "0.1.366"
}
